<?xml version="1.0" encoding="utf-8"?>
<Project ToolsVersion="4.0" xmlns="http://schemas.microsoft.com/developer/msbuild/2003">
  <ItemGroup>
    <ClCompile Include="sqlite-test.cpp" />
  </ItemGroup>
  <ItemGroup>
    <Filter Include="lib">
      <UniqueIdentifier>{8a4a44ab-806a-4080-8dfb-ad48e0ba724c}</UniqueIdentifier>
    </Filter>
    <Filter Include="lib\Debug">
      <UniqueIdentifier>{f144aef8-3aab-4b0e-a20a-3cb2394eb02a}</UniqueIdentifier>
    </Filter>
    <Filter Include="lib\Release">
      <UniqueIdentifier>{c0c62e6a-1651-4f4a-bda8-713c9521b4ed}</UniqueIdentifier>
    </Filter>
  </ItemGroup>
  <ItemGroup>
</Project>